// !$*UTF8*$!
{
	archiveVersion = 1;
	classes = {
	};
	objectVersion = 48;
	objects = {

/* Begin PBXBuildFile section */
		BA2935B31FC1C487001E6E8A /* OwnRoomViewController.swift in Sources */ = {isa = PBXBuildFile; fileRef = BA2935B21FC1C487001E6E8A /* OwnRoomViewController.swift */; };
		BA8EE6D71FC1405900398286 /* HomeViewController.swift in Sources */ = {isa = PBXBuildFile; fileRef = BA8EE6D61FC1405900398286 /* HomeViewController.swift */; };
		BA8EE6DB1FC14B2900398286 /* getInViewController.swift in Sources */ = {isa = PBXBuildFile; fileRef = BA8EE6DA1FC14B2900398286 /* getInViewController.swift */; };
		BA8EE6DF1FC1673500398286 /* FindRoomViewController.swift in Sources */ = {isa = PBXBuildFile; fileRef = BA8EE6DE1FC1673500398286 /* FindRoomViewController.swift */; };
		BA8EE6E11FC1674A00398286 /* ProfileViewController.swift in Sources */ = {isa = PBXBuildFile; fileRef = BA8EE6E01FC1674A00398286 /* ProfileViewController.swift */; };
		BA8EE6E31FC1675F00398286 /* EditorViewController.swift in Sources */ = {isa = PBXBuildFile; fileRef = BA8EE6E21FC1675F00398286 /* EditorViewController.swift */; };
		BA9A1C5C1FC0F20F00FE138F /* SignUpViewController.swift in Sources */ = {isa = PBXBuildFile; fileRef = BA9A1C5B1FC0F20F00FE138F /* SignUpViewController.swift */; };
		CA8B90511FC081BA008E4C78 /* AppDelegate.swift in Sources */ = {isa = PBXBuildFile; fileRef = CA8B90501FC081BA008E4C78 /* AppDelegate.swift */; };
		CA8B90531FC081BA008E4C78 /* ViewController.swift in Sources */ = {isa = PBXBuildFile; fileRef = CA8B90521FC081BA008E4C78 /* ViewController.swift */; };
		CA8B90561FC081BA008E4C78 /* Main.storyboard in Resources */ = {isa = PBXBuildFile; fileRef = CA8B90541FC081BA008E4C78 /* Main.storyboard */; };
		CA8B90581FC081BA008E4C78 /* Assets.xcassets in Resources */ = {isa = PBXBuildFile; fileRef = CA8B90571FC081BA008E4C78 /* Assets.xcassets */; };
		CA8B905B1FC081BA008E4C78 /* LaunchScreen.storyboard in Resources */ = {isa = PBXBuildFile; fileRef = CA8B90591FC081BA008E4C78 /* LaunchScreen.storyboard */; };
		CA8B90641FC09081008E4C78 /* PatrickHand.ttf in Resources */ = {isa = PBXBuildFile; fileRef = CA8B90631FC09081008E4C78 /* PatrickHand.ttf */; };
/* End PBXBuildFile section */

/* Begin PBXFileReference section */
		BA2935B21FC1C487001E6E8A /* OwnRoomViewController.swift */ = {isa = PBXFileReference; lastKnownFileType = sourcecode.swift; path = OwnRoomViewController.swift; sourceTree = "<group>"; };
		BA8EE6D61FC1405900398286 /* HomeViewController.swift */ = {isa = PBXFileReference; lastKnownFileType = sourcecode.swift; path = HomeViewController.swift; sourceTree = "<group>"; };
		BA8EE6DA1FC14B2900398286 /* getInViewController.swift */ = {isa = PBXFileReference; fileEncoding = 4; lastKnownFileType = sourcecode.swift; path = getInViewController.swift; sourceTree = "<group>"; };
		BA8EE6DE1FC1673500398286 /* FindRoomViewController.swift */ = {isa = PBXFileReference; lastKnownFileType = sourcecode.swift; path = FindRoomViewController.swift; sourceTree = "<group>"; };
		BA8EE6E01FC1674A00398286 /* ProfileViewController.swift */ = {isa = PBXFileReference; lastKnownFileType = sourcecode.swift; path = ProfileViewController.swift; sourceTree = "<group>"; };
		BA8EE6E21FC1675F00398286 /* EditorViewController.swift */ = {isa = PBXFileReference; lastKnownFileType = sourcecode.swift; path = EditorViewController.swift; sourceTree = "<group>"; };
		BA9A1C5B1FC0F20F00FE138F /* SignUpViewController.swift */ = {isa = PBXFileReference; lastKnownFileType = sourcecode.swift; path = SignUpViewController.swift; sourceTree = "<group>"; };
		CA8B904D1FC081BA008E4C78 /* CollaboWrite.app */ = {isa = PBXFileReference; explicitFileType = wrapper.application; includeInIndex = 0; path = CollaboWrite.app; sourceTree = BUILT_PRODUCTS_DIR; };
		CA8B90501FC081BA008E4C78 /* AppDelegate.swift */ = {isa = PBXFileReference; lastKnownFileType = sourcecode.swift; path = AppDelegate.swift; sourceTree = "<group>"; };
		CA8B90521FC081BA008E4C78 /* ViewController.swift */ = {isa = PBXFileReference; lastKnownFileType = sourcecode.swift; path = ViewController.swift; sourceTree = "<group>"; };
		CA8B90551FC081BA008E4C78 /* Base */ = {isa = PBXFileReference; lastKnownFileType = file.storyboard; name = Base; path = Base.lproj/Main.storyboard; sourceTree = "<group>"; };
		CA8B90571FC081BA008E4C78 /* Assets.xcassets */ = {isa = PBXFileReference; lastKnownFileType = folder.assetcatalog; path = Assets.xcassets; sourceTree = "<group>"; };
		CA8B905A1FC081BA008E4C78 /* Base */ = {isa = PBXFileReference; lastKnownFileType = file.storyboard; name = Base; path = Base.lproj/LaunchScreen.storyboard; sourceTree = "<group>"; };
		CA8B905C1FC081BA008E4C78 /* Info.plist */ = {isa = PBXFileReference; lastKnownFileType = text.plist.xml; path = Info.plist; sourceTree = "<group>"; };
		CA8B90631FC09081008E4C78 /* PatrickHand.ttf */ = {isa = PBXFileReference; lastKnownFileType = file; path = PatrickHand.ttf; sourceTree = "<group>"; };
/* End PBXFileReference section */

/* Begin PBXFrameworksBuildPhase section */
		CA8B904A1FC081BA008E4C78 /* Frameworks */ = {
			isa = PBXFrameworksBuildPhase;
			buildActionMask = 2147483647;
			files = (
			);
			runOnlyForDeploymentPostprocessing = 0;
		};
/* End PBXFrameworksBuildPhase section */

/* Begin PBXGroup section */
		CA8B90441FC081BA008E4C78 = {
			isa = PBXGroup;
			children = (
				CA8B90621FC09076008E4C78 /* Resources */,
				CA8B904F1FC081BA008E4C78 /* CollaboWrite */,
				CA8B904E1FC081BA008E4C78 /* Products */,
			);
			sourceTree = "<group>";
		};
		CA8B904E1FC081BA008E4C78 /* Products */ = {
			isa = PBXGroup;
			children = (
				CA8B904D1FC081BA008E4C78 /* CollaboWrite.app */,
			);
			name = Products;
			sourceTree = "<group>";
		};
		CA8B904F1FC081BA008E4C78 /* CollaboWrite */ = {
			isa = PBXGroup;
			children = (
				CA8B90501FC081BA008E4C78 /* AppDelegate.swift */,
				CA8B90651FC09479008E4C78 /* ViewControllers */,
				CA8B90541FC081BA008E4C78 /* Main.storyboard */,
				CA8B90571FC081BA008E4C78 /* Assets.xcassets */,
				CA8B90591FC081BA008E4C78 /* LaunchScreen.storyboard */,
				CA8B905C1FC081BA008E4C78 /* Info.plist */,
			);
			path = CollaboWrite;
			sourceTree = "<group>";
		};
		CA8B90621FC09076008E4C78 /* Resources */ = {
			isa = PBXGroup;
			children = (
				CA8B90631FC09081008E4C78 /* PatrickHand.ttf */,
			);
			path = Resources;
			sourceTree = "<group>";
		};
		CA8B90651FC09479008E4C78 /* ViewControllers */ = {
			isa = PBXGroup;
			children = (
				CA8B90521FC081BA008E4C78 /* ViewController.swift */,
				BA9A1C5B1FC0F20F00FE138F /* SignUpViewController.swift */,
				BA8EE6DA1FC14B2900398286 /* getInViewController.swift */,
				BA8EE6D61FC1405900398286 /* HomeViewController.swift */,
				BA8EE6DE1FC1673500398286 /* FindRoomViewController.swift */,
				BA8EE6E01FC1674A00398286 /* ProfileViewController.swift */,
				BA8EE6E21FC1675F00398286 /* EditorViewController.swift */,
				BA2935B21FC1C487001E6E8A /* OwnRoomViewController.swift */,
			);
			path = ViewControllers;
			sourceTree = "<group>";
		};
/* End PBXGroup section */

/* Begin PBXNativeTarget section */
		CA8B904C1FC081BA008E4C78 /* CollaboWrite */ = {
			isa = PBXNativeTarget;
			buildConfigurationList = CA8B905F1FC081BA008E4C78 /* Build configuration list for PBXNativeTarget "CollaboWrite" */;
			buildPhases = (
				CA8B90491FC081BA008E4C78 /* Sources */,
				CA8B904A1FC081BA008E4C78 /* Frameworks */,
				CA8B904B1FC081BA008E4C78 /* Resources */,
			);
			buildRules = (
			);
			dependencies = (
			);
			name = CollaboWrite;
			productName = CollaboWrite;
			productReference = CA8B904D1FC081BA008E4C78 /* CollaboWrite.app */;
			productType = "com.apple.product-type.application";
		};
/* End PBXNativeTarget section */

/* Begin PBXProject section */
		CA8B90451FC081BA008E4C78 /* Project object */ = {
			isa = PBXProject;
			attributes = {
				LastSwiftUpdateCheck = 0910;
				LastUpgradeCheck = 0910;
				ORGANIZATIONNAME = "Hack Bestern";
				TargetAttributes = {
					CA8B904C1FC081BA008E4C78 = {
						CreatedOnToolsVersion = 9.1;
						ProvisioningStyle = Automatic;
					};
				};
			};
			buildConfigurationList = CA8B90481FC081BA008E4C78 /* Build configuration list for PBXProject "CollaboWrite" */;
			compatibilityVersion = "Xcode 8.0";
			developmentRegion = en;
			hasScannedForEncodings = 0;
			knownRegions = (
				en,
				Base,
			);
			mainGroup = CA8B90441FC081BA008E4C78;
			productRefGroup = CA8B904E1FC081BA008E4C78 /* Products */;
			projectDirPath = "";
			projectRoot = "";
			targets = (
				CA8B904C1FC081BA008E4C78 /* CollaboWrite */,
			);
		};
/* End PBXProject section */

/* Begin PBXResourcesBuildPhase section */
		CA8B904B1FC081BA008E4C78 /* Resources */ = {
			isa = PBXResourcesBuildPhase;
			buildActionMask = 2147483647;
			files = (
				CA8B90641FC09081008E4C78 /* PatrickHand.ttf in Resources */,
				CA8B905B1FC081BA008E4C78 /* LaunchScreen.storyboard in Resources */,
				CA8B90581FC081BA008E4C78 /* Assets.xcassets in Resources */,
				CA8B90561FC081BA008E4C78 /* Main.storyboard in Resources */,
			);
			runOnlyForDeploymentPostprocessing = 0;
		};
/* End PBXResourcesBuildPhase section */

/* Begin PBXSourcesBuildPhase section */
		CA8B90491FC081BA008E4C78 /* Sources */ = {
			isa = PBXSourcesBuildPhase;
			buildActionMask = 2147483647;
			files = (
				CA8B90511FC081BA008E4C78 /* AppDelegate.swift in Sources */,
				BA8EE6E31FC1675F00398286 /* EditorViewController.swift in Sources */,
				BA2935B31FC1C487001E6E8A /* OwnRoomViewController.swift in Sources */,
				CA8B90531FC081BA008E4C78 /* ViewController.swift in Sources */,
				BA8EE6DB1FC14B2900398286 /* getInViewController.swift in Sources */,
				BA8EE6DF1FC1673500398286 /* FindRoomViewController.swift in Sources */,
				BA9A1C5C1FC0F20F00FE138F /* SignUpViewController.swift in Sources */,
				BA8EE6E11FC1674A00398286 /* ProfileViewController.swift in Sources */,
				BA8EE6D71FC1405900398286 /* HomeViewController.swift in Sources */,
			);
			runOnlyForDeploymentPostprocessing = 0;
		};
/* End PBXSourcesBuildPhase section */

/* Begin PBXVariantGroup section */
		CA8B90541FC081BA008E4C78 /* Main.storyboard */ = {
			isa = PBXVariantGroup;
			children = (
				CA8B90551FC081BA008E4C78 /* Base */,
			);
			name = Main.storyboard;
			sourceTree = "<group>";
		};
		CA8B90591FC081BA008E4C78 /* LaunchScreen.storyboard */ = {
			isa = PBXVariantGroup;
			children = (
				CA8B905A1FC081BA008E4C78 /* Base */,
			);
			name = LaunchScreen.storyboard;
			sourceTree = "<group>";
		};
/* End PBXVariantGroup section */

/* Begin XCBuildConfiguration section */
		CA8B905D1FC081BA008E4C78 /* Debug */ = {
			isa = XCBuildConfiguration;
			buildSettings = {
				ALWAYS_SEARCH_USER_PATHS = NO;
				CLANG_ANALYZER_NONNULL = YES;
				CLANG_ANALYZER_NUMBER_OBJECT_CONVERSION = YES_AGGRESSIVE;
				CLANG_CXX_LANGUAGE_STANDARD = "gnu++14";
				CLANG_CXX_LIBRARY = "libc++";
				CLANG_ENABLE_MODULES = YES;
				CLANG_ENABLE_OBJC_ARC = YES;
				CLANG_WARN_BLOCK_CAPTURE_AUTORELEASING = YES;
				CLANG_WARN_BOOL_CONVERSION = YES;
				CLANG_WARN_COMMA = YES;
				CLANG_WARN_CONSTANT_CONVERSION = YES;
				CLANG_WARN_DIRECT_OBJC_ISA_USAGE = YES_ERROR;
				CLANG_WARN_DOCUMENTATION_COMMENTS = YES;
				CLANG_WARN_EMPTY_BODY = YES;
				CLANG_WARN_ENUM_CONVERSION = YES;
				CLANG_WARN_INFINITE_RECURSION = YES;
				CLANG_WARN_INT_CONVERSION = YES;
				CLANG_WARN_NON_LITERAL_NULL_CONVERSION = YES;
				CLANG_WARN_OBJC_LITERAL_CONVERSION = YES;
				CLANG_WARN_OBJC_ROOT_CLASS = YES_ERROR;
				CLANG_WARN_RANGE_LOOP_ANALYSIS = YES;
				CLANG_WARN_STRICT_PROTOTYPES = YES;
				CLANG_WARN_SUSPICIOUS_MOVE = YES;
				CLANG_WARN_UNGUARDED_AVAILABILITY = YES_AGGRESSIVE;
				CLANG_WARN_UNREACHABLE_CODE = YES;
				CLANG_WARN__DUPLICATE_METHOD_MATCH = YES;
				CODE_SIGN_IDENTITY = "iPhone Developer";
				COPY_PHASE_STRIP = NO;
				DEBUG_INFORMATION_FORMAT = dwarf;
				ENABLE_STRICT_OBJC_MSGSEND = YES;
				ENABLE_TESTABILITY = YES;
				GCC_C_LANGUAGE_STANDARD = gnu11;
				GCC_DYNAMIC_NO_PIC = NO;
				GCC_NO_COMMON_BLOCKS = YES;
				GCC_OPTIMIZATION_LEVEL = 0;
				GCC_PREPROCESSOR_DEFINITIONS = (
					"DEBUG=1",
					"$(inherited)",
				);
				GCC_WARN_64_TO_32_BIT_CONVERSION = YES;
				GCC_WARN_ABOUT_RETURN_TYPE = YES_ERROR;
				GCC_WARN_UNDECLARED_SELECTOR = YES;
				GCC_WARN_UNINITIALIZED_AUTOS = YES_AGGRESSIVE;
				GCC_WARN_UNUSED_FUNCTION = YES;
				GCC_WARN_UNUSED_VARIABLE = YES;
				IPHONEOS_DEPLOYMENT_TARGET = 11.1;
				MTL_ENABLE_DEBUG_INFO = YES;
				ONLY_ACTIVE_ARCH = YES;
				SDKROOT = iphoneos;
				SWIFT_ACTIVE_COMPILATION_CONDITIONS = DEBUG;
				SWIFT_OPTIMIZATION_LEVEL = "-Onone";
			};
			name = Debug;
		};
		CA8B905E1FC081BA008E4C78 /* Release */ = {
			isa = XCBuildConfiguration;
			buildSettings = {
				ALWAYS_SEARCH_USER_PATHS = NO;
				CLANG_ANALYZER_NONNULL = YES;
				CLANG_ANALYZER_NUMBER_OBJECT_CONVERSION = YES_AGGRESSIVE;
				CLANG_CXX_LANGUAGE_STANDARD = "gnu++14";
				CLANG_CXX_LIBRARY = "libc++";
				CLANG_ENABLE_MODULES = YES;
				CLANG_ENABLE_OBJC_ARC = YES;
				CLANG_WARN_BLOCK_CAPTURE_AUTORELEASING = YES;
				CLANG_WARN_BOOL_CONVERSION = YES;
				CLANG_WARN_COMMA = YES;
				CLANG_WARN_CONSTANT_CONVERSION = YES;
				CLANG_WARN_DIRECT_OBJC_ISA_USAGE = YES_ERROR;
				CLANG_WARN_DOCUMENTATION_COMMENTS = YES;
				CLANG_WARN_EMPTY_BODY = YES;
				CLANG_WARN_ENUM_CONVERSION = YES;
				CLANG_WARN_INFINITE_RECURSION = YES;
				CLANG_WARN_INT_CONVERSION = YES;
				CLANG_WARN_NON_LITERAL_NULL_CONVERSION = YES;
				CLANG_WARN_OBJC_LITERAL_CONVERSION = YES;
				CLANG_WARN_OBJC_ROOT_CLASS = YES_ERROR;
				CLANG_WARN_RANGE_LOOP_ANALYSIS = YES;
				CLANG_WARN_STRICT_PROTOTYPES = YES;
				CLANG_WARN_SUSPICIOUS_MOVE = YES;
				CLANG_WARN_UNGUARDED_AVAILABILITY = YES_AGGRESSIVE;
				CLANG_WARN_UNREACHABLE_CODE = YES;
				CLANG_WARN__DUPLICATE_METHOD_MATCH = YES;
				CODE_SIGN_IDENTITY = "iPhone Developer";
				COPY_PHASE_STRIP = NO;
				DEBUG_INFORMATION_FORMAT = "dwarf-with-dsym";
				ENABLE_NS_ASSERTIONS = NO;
				ENABLE_STRICT_OBJC_MSGSEND = YES;
				GCC_C_LANGUAGE_STANDARD = gnu11;
				GCC_NO_COMMON_BLOCKS = YES;
				GCC_WARN_64_TO_32_BIT_CONVERSION = YES;
				GCC_WARN_ABOUT_RETURN_TYPE = YES_ERROR;
				GCC_WARN_UNDECLARED_SELECTOR = YES;
				GCC_WARN_UNINITIALIZED_AUTOS = YES_AGGRESSIVE;
				GCC_WARN_UNUSED_FUNCTION = YES;
				GCC_WARN_UNUSED_VARIABLE = YES;
				IPHONEOS_DEPLOYMENT_TARGET = 11.1;
				MTL_ENABLE_DEBUG_INFO = NO;
				SDKROOT = iphoneos;
				SWIFT_OPTIMIZATION_LEVEL = "-Owholemodule";
				VALIDATE_PRODUCT = YES;
			};
			name = Release;
		};
		CA8B90601FC081BA008E4C78 /* Debug */ = {
			isa = XCBuildConfiguration;
			buildSettings = {
				ASSETCATALOG_COMPILER_APPICON_NAME = AppIcon;
				CODE_SIGN_STYLE = Automatic;
				DEVELOPMENT_TEAM = 2KD74KHY5W;
				INFOPLIST_FILE = CollaboWrite/Info.plist;
				LD_RUNPATH_SEARCH_PATHS = "$(inherited) @executable_path/Frameworks";
				PRODUCT_BUNDLE_IDENTIFIER = ca.josephroque.CollaboWrite;
				PRODUCT_NAME = "$(TARGET_NAME)";
				SWIFT_VERSION = 4.0;
				TARGETED_DEVICE_FAMILY = "1,2";
			};
			name = Debug;
		};
		CA8B90611FC081BA008E4C78 /* Release */ = {
			isa = XCBuildConfiguration;
			buildSettings = {
				ASSETCATALOG_COMPILER_APPICON_NAME = AppIcon;
				CODE_SIGN_STYLE = Automatic;
				DEVELOPMENT_TEAM = 2KD74KHY5W;
				INFOPLIST_FILE = CollaboWrite/Info.plist;
				LD_RUNPATH_SEARCH_PATHS = "$(inherited) @executable_path/Frameworks";
				PRODUCT_BUNDLE_IDENTIFIER = ca.josephroque.CollaboWrite;
				PRODUCT_NAME = "$(TARGET_NAME)";
				SWIFT_VERSION = 4.0;
				TARGETED_DEVICE_FAMILY = "1,2";
			};
			name = Release;
		};
/* End XCBuildConfiguration section */

/* Begin XCConfigurationList section */
		CA8B90481FC081BA008E4C78 /* Build configuration list for PBXProject "CollaboWrite" */ = {
			isa = XCConfigurationList;
			buildConfigurations = (
				CA8B905D1FC081BA008E4C78 /* Debug */,
				CA8B905E1FC081BA008E4C78 /* Release */,
			);
			defaultConfigurationIsVisible = 0;
			defaultConfigurationName = Release;
		};
		CA8B905F1FC081BA008E4C78 /* Build configuration list for PBXNativeTarget "CollaboWrite" */ = {
			isa = XCConfigurationList;
			buildConfigurations = (
				CA8B90601FC081BA008E4C78 /* Debug */,
				CA8B90611FC081BA008E4C78 /* Release */,
			);
			defaultConfigurationIsVisible = 0;
			defaultConfigurationName = Release;
		};
/* End XCConfigurationList section */
	};
	rootObject = CA8B90451FC081BA008E4C78 /* Project object */;
}
